
Microsoft Visual Studio Solution File, Format Version 12.00
# Visual Studio Version 17
VisualStudioVersion = 17.1.32228.430
MinimumVisualStudioVersion = 10.0.40219.1
Project("{FAE04EC0-301F-11D3-BF4B-00C04F79EFBC}") = "Abstract2", "Abstract2\Abstract2.csproj", "{24B2A730-B8E6-4A78-98A9-8E91DE0637FB}"
EndProject
Global
	GlobalSection(SolutionConfigurationPlatforms) = preSolution
		Debug|Any CPU = Debug|Any CPU
		Release|Any CPU = Release|Any CPU
	EndGlobalSection
	GlobalSection(ProjectConfigurationPlatforms) = postSolution
		{24B2A730-B8E6-4A78-98A9-8E91DE0637FB}.Debug|Any CPU.ActiveCfg = Debug|Any CPU
		{24B2A730-B8E6-4A78-98A9-8E91DE0637FB}.Debug|Any CPU.Build.0 = Debug|Any CPU
		{24B2A730-B8E6-4A78-98A9-8E91DE0637FB}.Release|Any CPU.ActiveCfg = Release|Any CPU
		{24B2A730-B8E6-4A78-98A9-8E91DE0637FB}.Release|Any CPU.Build.0 = Release|Any CPU
	EndGlobalSection
	GlobalSection(SolutionProperties) = preSolution
		HideSolutionNode = FALSE
	EndGlobalSection
	GlobalSection(ExtensibilityGlobals) = postSolution
		SolutionGuid = {E8E30671-39A1-4EC7-8E09-075747B22343}
	EndGlobalSection
EndGlobal
